// !$*UTF8*$!
{
	archiveVersion = 1;
	classes = {
	};
	objectVersion = 46;
	objects = {

/* Begin PBXBuildFile section */
		57D9FB781ACA1765007FD5DF /* AppDelegate.swift in Sources */ = {isa = PBXBuildFile; fileRef = 57D9FB771ACA1765007FD5DF /* AppDelegate.swift */; };
		57D9FB7A1ACA1765007FD5DF /* ViewController.swift in Sources */ = {isa = PBXBuildFile; fileRef = 57D9FB791ACA1765007FD5DF /* ViewController.swift */; };
		57D9FB7D1ACA1765007FD5DF /* Main.storyboard in Resources */ = {isa = PBXBuildFile; fileRef = 57D9FB7B1ACA1765007FD5DF /* Main.storyboard */; };
		57D9FB7F1ACA1765007FD5DF /* Images.xcassets in Resources */ = {isa = PBXBuildFile; fileRef = 57D9FB7E1ACA1765007FD5DF /* Images.xcassets */; };
		57D9FB821ACA1765007FD5DF /* LaunchScreen.xib in Resources */ = {isa = PBXBuildFile; fileRef = 57D9FB801ACA1765007FD5DF /* LaunchScreen.xib */; };
		57D9FB8E1ACA1766007FD5DF /* JSONSampleTutorialTests.swift in Sources */ = {isa = PBXBuildFile; fileRef = 57D9FB8D1ACA1766007FD5DF /* JSONSampleTutorialTests.swift */; };
/* End PBXBuildFile section */

/* Begin PBXContainerItemProxy section */
		57D9FB881ACA1766007FD5DF /* PBXContainerItemProxy */ = {
			isa = PBXContainerItemProxy;
			containerPortal = 57D9FB6A1ACA1765007FD5DF /* Project object */;
			proxyType = 1;
			remoteGlobalIDString = 57D9FB711ACA1765007FD5DF;
			remoteInfo = JSONSampleTutorial;
		};
/* End PBXContainerItemProxy section */

/* Begin PBXFileReference section */
		57D9FB721ACA1765007FD5DF /* JSONSampleTutorial.app */ = {isa = PBXFileReference; explicitFileType = wrapper.application; includeInIndex = 0; path = JSONSampleTutorial.app; sourceTree = BUILT_PRODUCTS_DIR; };
		57D9FB761ACA1765007FD5DF /* Info.plist */ = {isa = PBXFileReference; lastKnownFileType = text.plist.xml; path = Info.plist; sourceTree = "<group>"; };
		57D9FB771ACA1765007FD5DF /* AppDelegate.swift */ = {isa = PBXFileReference; lastKnownFileType = sourcecode.swift; path = AppDelegate.swift; sourceTree = "<group>"; };
		57D9FB791ACA1765007FD5DF /* ViewController.swift */ = {isa = PBXFileReference; lastKnownFileType = sourcecode.swift; path = ViewController.swift; sourceTree = "<group>"; };
		57D9FB7C1ACA1765007FD5DF /* Base */ = {isa = PBXFileReference; lastKnownFileType = file.storyboard; name = Base; path = Base.lproj/Main.storyboard; sourceTree = "<group>"; };
		57D9FB7E1ACA1765007FD5DF /* Images.xcassets */ = {isa = PBXFileReference; lastKnownFileType = folder.assetcatalog; path = Images.xcassets; sourceTree = "<group>"; };
		57D9FB811ACA1765007FD5DF /* Base */ = {isa = PBXFileReference; lastKnownFileType = file.xib; name = Base; path = Base.lproj/LaunchScreen.xib; sourceTree = "<group>"; };
		57D9FB871ACA1766007FD5DF /* JSONSampleTutorialTests.xctest */ = {isa = PBXFileReference; explicitFileType = wrapper.cfbundle; includeInIndex = 0; path = JSONSampleTutorialTests.xctest; sourceTree = BUILT_PRODUCTS_DIR; };
		57D9FB8C1ACA1766007FD5DF /* Info.plist */ = {isa = PBXFileReference; lastKnownFileType = text.plist.xml; path = Info.plist; sourceTree = "<group>"; };
		57D9FB8D1ACA1766007FD5DF /* JSONSampleTutorialTests.swift */ = {isa = PBXFileReference; lastKnownFileType = sourcecode.swift; path = JSONSampleTutorialTests.swift; sourceTree = "<group>"; };
/* End PBXFileReference section */

/* Begin PBXFrameworksBuildPhase section */
		57D9FB6F1ACA1765007FD5DF /* Frameworks */ = {
			isa = PBXFrameworksBuildPhase;
			buildActionMask = 2147483647;
			files = (
			);
			runOnlyForDeploymentPostprocessing = 0;
		};
		57D9FB841ACA1766007FD5DF /* Frameworks */ = {
			isa = PBXFrameworksBuildPhase;
			buildActionMask = 2147483647;
			files = (
			);
			runOnlyForDeploymentPostprocessing = 0;
		};
/* End PBXFrameworksBuildPhase section */

/* Begin PBXGroup section */
		57D9FB691ACA1765007FD5DF = {
			isa = PBXGroup;
			children = (
				57D9FB741ACA1765007FD5DF /* JSONSampleTutorial */,
				57D9FB8A1ACA1766007FD5DF /* JSONSampleTutorialTests */,
				57D9FB731ACA1765007FD5DF /* Products */,
			);
			sourceTree = "<group>";
		};
		57D9FB731ACA1765007FD5DF /* Products */ = {
			isa = PBXGroup;
			children = (
				57D9FB721ACA1765007FD5DF /* JSONSampleTutorial.app */,
				57D9FB871ACA1766007FD5DF /* JSONSampleTutorialTests.xctest */,
			);
			name = Products;
			sourceTree = "<group>";
		};
		57D9FB741ACA1765007FD5DF /* JSONSampleTutorial */ = {
			isa = PBXGroup;
			children = (
				57D9FB771ACA1765007FD5DF /* AppDelegate.swift */,
				57D9FB791ACA1765007FD5DF /* ViewController.swift */,
				57D9FB7B1ACA1765007FD5DF /* Main.storyboard */,
				57D9FB7E1ACA1765007FD5DF /* Images.xcassets */,
				57D9FB801ACA1765007FD5DF /* LaunchScreen.xib */,
				57D9FB751ACA1765007FD5DF /* Supporting Files */,
			);
			path = JSONSampleTutorial;
			sourceTree = "<group>";
		};
		57D9FB751ACA1765007FD5DF /* Supporting Files */ = {
			isa = PBXGroup;
			children = (
				57D9FB761ACA1765007FD5DF /* Info.plist */,
			);
			name = "Supporting Files";
			sourceTree = "<group>";
		};
		57D9FB8A1ACA1766007FD5DF /* JSONSampleTutorialTests */ = {
			isa = PBXGroup;
			children = (
				57D9FB8D1ACA1766007FD5DF /* JSONSampleTutorialTests.swift */,
				57D9FB8B1ACA1766007FD5DF /* Supporting Files */,
			);
			path = JSONSampleTutorialTests;
			sourceTree = "<group>";
		};
		57D9FB8B1ACA1766007FD5DF /* Supporting Files */ = {
			isa = PBXGroup;
			children = (
				57D9FB8C1ACA1766007FD5DF /* Info.plist */,
			);
			name = "Supporting Files";
			sourceTree = "<group>";
		};
/* End PBXGroup section */

/* Begin PBXNativeTarget section */
		57D9FB711ACA1765007FD5DF /* JSONSampleTutorial */ = {
			isa = PBXNativeTarget;
			buildConfigurationList = 57D9FB911ACA1766007FD5DF /* Build configuration list for PBXNativeTarget "JSONSampleTutorial" */;
			buildPhases = (
				57D9FB6E1ACA1765007FD5DF /* Sources */,
				57D9FB6F1ACA1765007FD5DF /* Frameworks */,
				57D9FB701ACA1765007FD5DF /* Resources */,
			);
			buildRules = (
			);
			dependencies = (
			);
			name = JSONSampleTutorial;
			productName = JSONSampleTutorial;
			productReference = 57D9FB721ACA1765007FD5DF /* JSONSampleTutorial.app */;
			productType = "com.apple.product-type.application";
		};
		57D9FB861ACA1766007FD5DF /* JSONSampleTutorialTests */ = {
			isa = PBXNativeTarget;
			buildConfigurationList = 57D9FB941ACA1766007FD5DF /* Build configuration list for PBXNativeTarget "JSONSampleTutorialTests" */;
			buildPhases = (
				57D9FB831ACA1766007FD5DF /* Sources */,
				57D9FB841ACA1766007FD5DF /* Frameworks */,
				57D9FB851ACA1766007FD5DF /* Resources */,
			);
			buildRules = (
			);
			dependencies = (
				57D9FB891ACA1766007FD5DF /* PBXTargetDependency */,
			);
			name = JSONSampleTutorialTests;
			productName = JSONSampleTutorialTests;
			productReference = 57D9FB871ACA1766007FD5DF /* JSONSampleTutorialTests.xctest */;
			productType = "com.apple.product-type.bundle.unit-test";
		};
/* End PBXNativeTarget section */

/* Begin PBXProject section */
		57D9FB6A1ACA1765007FD5DF /* Project object */ = {
			isa = PBXProject;
			attributes = {
				LastUpgradeCheck = 0620;
				ORGANIZATIONNAME = lostin;
				TargetAttributes = {
					57D9FB711ACA1765007FD5DF = {
						CreatedOnToolsVersion = 6.2;
					};
					57D9FB861ACA1766007FD5DF = {
						CreatedOnToolsVersion = 6.2;
						TestTargetID = 57D9FB711ACA1765007FD5DF;
					};
				};
			};
			buildConfigurationList = 57D9FB6D1ACA1765007FD5DF /* Build configuration list for PBXProject "JSONSampleTutorial" */;
			compatibilityVersion = "Xcode 3.2";
			developmentRegion = English;
			hasScannedForEncodings = 0;
			knownRegions = (
				en,
				Base,
			);
			mainGroup = 57D9FB691ACA1765007FD5DF;
			productRefGroup = 57D9FB731ACA1765007FD5DF /* Products */;
			projectDirPath = "";
			projectRoot = "";
			targets = (
				57D9FB711ACA1765007FD5DF /* JSONSampleTutorial */,
				57D9FB861ACA1766007FD5DF /* JSONSampleTutorialTests */,
			);
		};
/* End PBXProject section */

/* Begin PBXResourcesBuildPhase section */
		57D9FB701ACA1765007FD5DF /* Resources */ = {
			isa = PBXResourcesBuildPhase;
			buildActionMask = 2147483647;
			files = (
				57D9FB7D1ACA1765007FD5DF /* Main.storyboard in Resources */,
				57D9FB821ACA1765007FD5DF /* LaunchScreen.xib in Resources */,
				57D9FB7F1ACA1765007FD5DF /* Images.xcassets in Resources */,
			);
			runOnlyForDeploymentPostprocessing = 0;
		};
		57D9FB851ACA1766007FD5DF /* Resources */ = {
			isa = PBXResourcesBuildPhase;
			buildActionMask = 2147483647;
			files = (
			);
			runOnlyForDeploymentPostprocessing = 0;
		};
/* End PBXResourcesBuildPhase section */

/* Begin PBXSourcesBuildPhase section */
		57D9FB6E1ACA1765007FD5DF /* Sources */ = {
			isa = PBXSourcesBuildPhase;
			buildActionMask = 2147483647;
			files = (
				57D9FB7A1ACA1765007FD5DF /* ViewController.swift in Sources */,
				57D9FB781ACA1765007FD5DF /* AppDelegate.swift in Sources */,
			);
			runOnlyForDeploymentPostprocessing = 0;
		};
		57D9FB831ACA1766007FD5DF /* Sources */ = {
			isa = PBXSourcesBuildPhase;
			buildActionMask = 2147483647;
			files = (
				57D9FB8E1ACA1766007FD5DF /* JSONSampleTutorialTests.swift in Sources */,
			);
			runOnlyForDeploymentPostprocessing = 0;
		};
/* End PBXSourcesBuildPhase section */

/* Begin PBXTargetDependency section */
		57D9FB891ACA1766007FD5DF /* PBXTargetDependency */ = {
			isa = PBXTargetDependency;
			target = 57D9FB711ACA1765007FD5DF /* JSONSampleTutorial */;
			targetProxy = 57D9FB881ACA1766007FD5DF /* PBXContainerItemProxy */;
		};
/* End PBXTargetDependency section */

/* Begin PBXVariantGroup section */
		57D9FB7B1ACA1765007FD5DF /* Main.storyboard */ = {
			isa = PBXVariantGroup;
			children = (
				57D9FB7C1ACA1765007FD5DF /* Base */,
			);
			name = Main.storyboard;
			sourceTree = "<group>";
		};
		57D9FB801ACA1765007FD5DF /* LaunchScreen.xib */ = {
			isa = PBXVariantGroup;
			children = (
				57D9FB811ACA1765007FD5DF /* Base */,
			);
			name = LaunchScreen.xib;
			sourceTree = "<group>";
		};
/* End PBXVariantGroup section */

/* Begin XCBuildConfiguration section */
		57D9FB8F1ACA1766007FD5DF /* Debug */ = {
			isa = XCBuildConfiguration;
			buildSettings = {
				ALWAYS_SEARCH_USER_PATHS = NO;
				CLANG_CXX_LANGUAGE_STANDARD = "gnu++0x";
				CLANG_CXX_LIBRARY = "libc++";
				CLANG_ENABLE_MODULES = YES;
				CLANG_ENABLE_OBJC_ARC = YES;
				CLANG_WARN_BOOL_CONVERSION = YES;
				CLANG_WARN_CONSTANT_CONVERSION = YES;
				CLANG_WARN_DIRECT_OBJC_ISA_USAGE = YES_ERROR;
				CLANG_WARN_EMPTY_BODY = YES;
				CLANG_WARN_ENUM_CONVERSION = YES;
				CLANG_WARN_INT_CONVERSION = YES;
				CLANG_WARN_OBJC_ROOT_CLASS = YES_ERROR;
				CLANG_WARN_UNREACHABLE_CODE = YES;
				CLANG_WARN__DUPLICATE_METHOD_MATCH = YES;
				"CODE_SIGN_IDENTITY[sdk=iphoneos*]" = "iPhone Developer";
				COPY_PHASE_STRIP = NO;
				ENABLE_STRICT_OBJC_MSGSEND = YES;
				GCC_C_LANGUAGE_STANDARD = gnu99;
				GCC_DYNAMIC_NO_PIC = NO;
				GCC_OPTIMIZATION_LEVEL = 0;
				GCC_PREPROCESSOR_DEFINITIONS = (
					"DEBUG=1",
					"$(inherited)",
				);
				GCC_SYMBOLS_PRIVATE_EXTERN = NO;
				GCC_WARN_64_TO_32_BIT_CONVERSION = YES;
				GCC_WARN_ABOUT_RETURN_TYPE = YES_ERROR;
				GCC_WARN_UNDECLARED_SELECTOR = YES;
				GCC_WARN_UNINITIALIZED_AUTOS = YES_AGGRESSIVE;
				GCC_WARN_UNUSED_FUNCTION = YES;
				GCC_WARN_UNUSED_VARIABLE = YES;
				IPHONEOS_DEPLOYMENT_TARGET = 8.2;
				MTL_ENABLE_DEBUG_INFO = YES;
				ONLY_ACTIVE_ARCH = YES;
				SDKROOT = iphoneos;
				SWIFT_OPTIMIZATION_LEVEL = "-Onone";
				TARGETED_DEVICE_FAMILY = "1,2";
			};
			name = Debug;
		};
		57D9FB901ACA1766007FD5DF /* Release */ = {
			isa = XCBuildConfiguration;
			buildSettings = {
				ALWAYS_SEARCH_USER_PATHS = NO;
				CLANG_CXX_LANGUAGE_STANDARD = "gnu++0x";
				CLANG_CXX_LIBRARY = "libc++";
				CLANG_ENABLE_MODULES = YES;
				CLANG_ENABLE_OBJC_ARC = YES;
				CLANG_WARN_BOOL_CONVERSION = YES;
				CLANG_WARN_CONSTANT_CONVERSION = YES;
				CLANG_WARN_DIRECT_OBJC_ISA_USAGE = YES_ERROR;
				CLANG_WARN_EMPTY_BODY = YES;
				CLANG_WARN_ENUM_CONVERSION = YES;
				CLANG_WARN_INT_CONVERSION = YES;
				CLANG_WARN_OBJC_ROOT_CLASS = YES_ERROR;
				CLANG_WARN_UNREACHABLE_CODE = YES;
				CLANG_WARN__DUPLICATE_METHOD_MATCH = YES;
				"CODE_SIGN_IDENTITY[sdk=iphoneos*]" = "iPhone Developer";
				COPY_PHASE_STRIP = NO;
				ENABLE_NS_ASSERTIONS = NO;
				ENABLE_STRICT_OBJC_MSGSEND = YES;
				GCC_C_LANGUAGE_STANDARD = gnu99;
				GCC_WARN_64_TO_32_BIT_CONVERSION = YES;
				GCC_WARN_ABOUT_RETURN_TYPE = YES_ERROR;
				GCC_WARN_UNDECLARED_SELECTOR = YES;
				GCC_WARN_UNINITIALIZED_AUTOS = YES_AGGRESSIVE;
				GCC_WARN_UNUSED_FUNCTION = YES;
				GCC_WARN_UNUSED_VARIABLE = YES;
				IPHONEOS_DEPLOYMENT_TARGET = 8.2;
				MTL_ENABLE_DEBUG_INFO = NO;
				SDKROOT = iphoneos;
				TARGETED_DEVICE_FAMILY = "1,2";
				VALIDATE_PRODUCT = YES;
			};
			name = Release;
		};
		57D9FB921ACA1766007FD5DF /* Debug */ = {
			isa = XCBuildConfiguration;
			buildSettings = {
				ASSETCATALOG_COMPILER_APPICON_NAME = AppIcon;
				INFOPLIST_FILE = JSONSampleTutorial/Info.plist;
				LD_RUNPATH_SEARCH_PATHS = "$(inherited) @executable_path/Frameworks";
				PRODUCT_NAME = "$(TARGET_NAME)";
			};
			name = Debug;
		};
		57D9FB931ACA1766007FD5DF /* Release */ = {
			isa = XCBuildConfiguration;
			buildSettings = {
				ASSETCATALOG_COMPILER_APPICON_NAME = AppIcon;
				INFOPLIST_FILE = JSONSampleTutorial/Info.plist;
				LD_RUNPATH_SEARCH_PATHS = "$(inherited) @executable_path/Frameworks";
				PRODUCT_NAME = "$(TARGET_NAME)";
			};
			name = Release;
		};
		57D9FB951ACA1766007FD5DF /* Debug */ = {
			isa = XCBuildConfiguration;
			buildSettings = {
				BUNDLE_LOADER = "$(TEST_HOST)";
				FRAMEWORK_SEARCH_PATHS = (
					"$(SDKROOT)/Developer/Library/Frameworks",
					"$(inherited)",
				);
				GCC_PREPROCESSOR_DEFINITIONS = (
					"DEBUG=1",
					"$(inherited)",
				);
				INFOPLIST_FILE = JSONSampleTutorialTests/Info.plist;
				LD_RUNPATH_SEARCH_PATHS = "$(inherited) @executable_path/Frameworks @loader_path/Frameworks";
				PRODUCT_NAME = "$(TARGET_NAME)";
				TEST_HOST = "$(BUILT_PRODUCTS_DIR)/JSONSampleTutorial.app/JSONSampleTutorial";
			};
			name = Debug;
		};
		57D9FB961ACA1766007FD5DF /* Release */ = {
			isa = XCBuildConfiguration;
			buildSettings = {
				BUNDLE_LOADER = "$(TEST_HOST)";
				FRAMEWORK_SEARCH_PATHS = (
					"$(SDKROOT)/Developer/Library/Frameworks",
					"$(inherited)",
				);
				INFOPLIST_FILE = JSONSampleTutorialTests/Info.plist;
				LD_RUNPATH_SEARCH_PATHS = "$(inherited) @executable_path/Frameworks @loader_path/Frameworks";
				PRODUCT_NAME = "$(TARGET_NAME)";
				TEST_HOST = "$(BUILT_PRODUCTS_DIR)/JSONSampleTutorial.app/JSONSampleTutorial";
			};
			name = Release;
		};
/* End XCBuildConfiguration section */

/* Begin XCConfigurationList section */
		57D9FB6D1ACA1765007FD5DF /* Build configuration list for PBXProject "JSONSampleTutorial" */ = {
			isa = XCConfigurationList;
			buildConfigurations = (
				57D9FB8F1ACA1766007FD5DF /* Debug */,
				57D9FB901ACA1766007FD5DF /* Release */,
			);
			defaultConfigurationIsVisible = 0;
			defaultConfigurationName = Release;
		};
		57D9FB911ACA1766007FD5DF /* Build configuration list for PBXNativeTarget "JSONSampleTutorial" */ = {
			isa = XCConfigurationList;
			buildConfigurations = (
				57D9FB921ACA1766007FD5DF /* Debug */,
				57D9FB931ACA1766007FD5DF /* Release */,
			);
			defaultConfigurationIsVisible = 0;
		};
		57D9FB941ACA1766007FD5DF /* Build configuration list for PBXNativeTarget "JSONSampleTutorialTests" */ = {
			isa = XCConfigurationList;
			buildConfigurations = (
				57D9FB951ACA1766007FD5DF /* Debug */,
				57D9FB961ACA1766007FD5DF /* Release */,
			);
			defaultConfigurationIsVisible = 0;
		};
/* End XCConfigurationList section */
	};
	rootObject = 57D9FB6A1ACA1765007FD5DF /* Project object */;
}
